
Microsoft Visual Studio Solution File, Format Version 12.00
# Visual Studio 14
VisualStudioVersion = 14.0.25420.1
MinimumVisualStudioVersion = 10.0.40219.1
Project("{FAE04EC0-301F-11D3-BF4B-00C04F79EFBC}") = "FlooringMastery.UI", "FlooringMastery\FlooringMastery.UI.csproj", "{68FFE68D-4922-49B5-A8FA-4A00DCCAB6F1}"
EndProject
Project("{FAE04EC0-301F-11D3-BF4B-00C04F79EFBC}") = "FlooringMastery.BLL", "FlooringMastery.BLL\FlooringMastery.BLL.csproj", "{814505CA-10D9-41E5-983E-0FD711E1AC0A}"
EndProject
Project("{FAE04EC0-301F-11D3-BF4B-00C04F79EFBC}") = "FlooringMastery.Data", "FlooringMastery.Data\FlooringMastery.Data.csproj", "{2D16FDCA-04F0-4ABA-AC15-7560CE2A1ADB}"
EndProject
Project("{FAE04EC0-301F-11D3-BF4B-00C04F79EFBC}") = "FlooringMastery.Models", "FlooringMastery.Models\FlooringMastery.Models.csproj", "{921E2665-8ACC-441B-BF0F-9FE1374EF795}"
EndProject
Project("{FAE04EC0-301F-11D3-BF4B-00C04F79EFBC}") = "FlooringMastery.Tests", "FlooringMastery.Tests\FlooringMastery.Tests.csproj", "{C65B7C9E-5DAF-4A7B-9F00-682608BF9F34}"
EndProject
Global
	GlobalSection(SolutionConfigurationPlatforms) = preSolution
		Debug|Any CPU = Debug|Any CPU
		Release|Any CPU = Release|Any CPU
	EndGlobalSection
	GlobalSection(ProjectConfigurationPlatforms) = postSolution
		{68FFE68D-4922-49B5-A8FA-4A00DCCAB6F1}.Debug|Any CPU.ActiveCfg = Debug|Any CPU
		{68FFE68D-4922-49B5-A8FA-4A00DCCAB6F1}.Debug|Any CPU.Build.0 = Debug|Any CPU
		{68FFE68D-4922-49B5-A8FA-4A00DCCAB6F1}.Release|Any CPU.ActiveCfg = Release|Any CPU
		{68FFE68D-4922-49B5-A8FA-4A00DCCAB6F1}.Release|Any CPU.Build.0 = Release|Any CPU
		{814505CA-10D9-41E5-983E-0FD711E1AC0A}.Debug|Any CPU.ActiveCfg = Debug|Any CPU
		{814505CA-10D9-41E5-983E-0FD711E1AC0A}.Debug|Any CPU.Build.0 = Debug|Any CPU
		{814505CA-10D9-41E5-983E-0FD711E1AC0A}.Release|Any CPU.ActiveCfg = Release|Any CPU
		{814505CA-10D9-41E5-983E-0FD711E1AC0A}.Release|Any CPU.Build.0 = Release|Any CPU
		{2D16FDCA-04F0-4ABA-AC15-7560CE2A1ADB}.Debug|Any CPU.ActiveCfg = Debug|Any CPU
		{2D16FDCA-04F0-4ABA-AC15-7560CE2A1ADB}.Debug|Any CPU.Build.0 = Debug|Any CPU
		{2D16FDCA-04F0-4ABA-AC15-7560CE2A1ADB}.Release|Any CPU.ActiveCfg = Release|Any CPU
		{2D16FDCA-04F0-4ABA-AC15-7560CE2A1ADB}.Release|Any CPU.Build.0 = Release|Any CPU
		{921E2665-8ACC-441B-BF0F-9FE1374EF795}.Debug|Any CPU.ActiveCfg = Debug|Any CPU
		{921E2665-8ACC-441B-BF0F-9FE1374EF795}.Debug|Any CPU.Build.0 = Debug|Any CPU
		{921E2665-8ACC-441B-BF0F-9FE1374EF795}.Release|Any CPU.ActiveCfg = Release|Any CPU
		{921E2665-8ACC-441B-BF0F-9FE1374EF795}.Release|Any CPU.Build.0 = Release|Any CPU
		{C65B7C9E-5DAF-4A7B-9F00-682608BF9F34}.Debug|Any CPU.ActiveCfg = Debug|Any CPU
		{C65B7C9E-5DAF-4A7B-9F00-682608BF9F34}.Debug|Any CPU.Build.0 = Debug|Any CPU
		{C65B7C9E-5DAF-4A7B-9F00-682608BF9F34}.Release|Any CPU.ActiveCfg = Release|Any CPU
		{C65B7C9E-5DAF-4A7B-9F00-682608BF9F34}.Release|Any CPU.Build.0 = Release|Any CPU
	EndGlobalSection
	GlobalSection(SolutionProperties) = preSolution
		HideSolutionNode = FALSE
	EndGlobalSection
EndGlobal
